# THIS IS AN AUTOGENERATED FILE. DO NOT EDIT THIS FILE DIRECTLY.
# yarn lockfile v1


"@garyhtou/prettier-config@^1.0.1":
  version "1.0.1"
  resolved "https://registry.yarnpkg.com/@garyhtou/prettier-config/-/prettier-config-1.0.1.tgz#3dc69504e9274ff0a84a155ef56d6552cdbb524a"
  integrity sha512-URBdF+iGToDysaAGMGNCUPwu3ArOaGcIAgJ3RoPr3UFETt0/kT+kJdpj6OOWGT08GhU3Xmcm4ocsNFQrej0hSw==
